
Microsoft Visual Studio Solution File, Format Version 12.00
# Visual Studio Version 17
VisualStudioVersion = 17.9.34728.123
MinimumVisualStudioVersion = 10.0.40219.1
Project("{FAE04EC0-301F-11D3-BF4B-00C04F79EFBC}") = "PolovniAutomobili", "PolovniAutomobili\PolovniAutomobili.csproj", "{117B84D8-2586-4B36-9BBD-96951B098AF6}"
EndProject
Global
	GlobalSection(SolutionConfigurationPlatforms) = preSolution
		Debug|Any CPU = Debug|Any CPU
		Release|Any CPU = Release|Any CPU
	EndGlobalSection
	GlobalSection(ProjectConfigurationPlatforms) = postSolution
		{117B84D8-2586-4B36-9BBD-96951B098AF6}.Debug|Any CPU.ActiveCfg = Debug|Any CPU
		{117B84D8-2586-4B36-9BBD-96951B098AF6}.Debug|Any CPU.Build.0 = Debug|Any CPU
		{117B84D8-2586-4B36-9BBD-96951B098AF6}.Release|Any CPU.ActiveCfg = Release|Any CPU
		{117B84D8-2586-4B36-9BBD-96951B098AF6}.Release|Any CPU.Build.0 = Release|Any CPU
	EndGlobalSection
	GlobalSection(SolutionProperties) = preSolution
		HideSolutionNode = FALSE
	EndGlobalSection
	GlobalSection(ExtensibilityGlobals) = postSolution
		SolutionGuid = {6E288C9D-A657-402B-8693-0D8C3D535CF1}
	EndGlobalSection
EndGlobal
